Microsoft Visual Studio Solution File, Format Version 12.00
# Visual Studio Version 18
VisualStudioVersion = 18.1.11312.151
MinimumVisualStudioVersion = 10.0.40219.1
Project("{2150E333-8FDC-42A3-9474-1A3956D46DE8}") = "src", "src", "{18632E7D-54DF-4933-A8DF-A7ECE8666E9B}"
	ProjectSection(SolutionItems) = preProject
		src\Directory.Build.props = src\Directory.Build.props
		src\Directory.Build.targets = src\Directory.Build.targets
		src\Directory.Packages.props = src\Directory.Packages.props
		src\dotnet-test.Build.props = src\dotnet-test.Build.props
		src\nuget.config = src\nuget.config
	EndProjectSection
EndProject
Project("{2150E333-8FDC-42A3-9474-1A3956D46DE8}") = "PDFsharp", "PDFsharp", "{5912CE0D-0DCE-479F-944A-0DFA4CE95A88}"
EndProject
Project("{2150E333-8FDC-42A3-9474-1A3956D46DE8}") = "src", "src", "{7C753636-7947-46E0-95E0-135EAA7BFEB3}"
	ProjectSection(SolutionItems) = preProject
		src\foundation\src\PDFsharp\src\Directory.Build.props = src\foundation\src\PDFsharp\src\Directory.Build.props
	EndProjectSection
EndProject
Project("{2150E333-8FDC-42A3-9474-1A3956D46DE8}") = "foundation", "foundation", "{0EDABDD2-05D5-43D0-A635-645DD8127201}"
EndProject
Project("{2150E333-8FDC-42A3-9474-1A3956D46DE8}") = "src", "src", "{8770F3E1-3FEE-4611-89D4-AF80DFB3B3EA}"
EndProject
Project("{2150E333-8FDC-42A3-9474-1A3956D46DE8}") = "docs", "docs", "{18E75E2F-2A27-408C-BC02-9B68D7F0817F}"
	ProjectSection(SolutionItems) = preProject
		src\foundation\src\PDFsharp\docs\AboutFonts.md = src\foundation\src\PDFsharp\docs\AboutFonts.md
		src\foundation\src\PDFsharp\docs\AboutImages.md = src\foundation\src\PDFsharp\docs\AboutImages.md
		src\foundation\src\PDFsharp\docs\Coding-Issues.md = src\foundation\src\PDFsharp\docs\Coding-Issues.md
		src\foundation\src\PDFsharp\docs\GlobalStuff.md = src\foundation\src\PDFsharp\docs\GlobalStuff.md
		src\foundation\src\PDFsharp\docs\Notebook.md = src\foundation\src\PDFsharp\docs\Notebook.md
		src\foundation\src\PDFsharp\docs\PortingNotes.md = src\foundation\src\PDFsharp\docs\PortingNotes.md
		src\foundation\src\PDFsharp\docs\README.md = src\foundation\src\PDFsharp\docs\README.md
	EndProjectSection
EndProject
Project("{2150E333-8FDC-42A3-9474-1A3956D46DE8}") = "nuget", "nuget", "{0305DE9C-065C-4A4D-B175-08E70F23A2E7}"
EndProject
Project("{2150E333-8FDC-42A3-9474-1A3956D46DE8}") = "src", "src", "{B9781673-7407-4451-B551-B3D0BA1AA746}"
	ProjectSection(SolutionItems) = preProject
		src\foundation\nuget\src\Directory.Build.props = src\foundation\nuget\src\Directory.Build.props
		src\foundation\nuget\src\README.md = src\foundation\nuget\src\README.md
	EndProjectSection
EndProject
Project("{9A19103F-16F7-4668-BE54-9A1E7A4F7556}") = "PdfSharp", "src\foundation\src\PDFsharp\src\PdfSharp\PdfSharp.csproj", "{9920A6C0-509E-4319-A35F-E0DB6866DAFF}"
EndProject
Project("{9A19103F-16F7-4668-BE54-9A1E7A4F7556}") = "PdfSharp.Charting", "src\foundation\src\PDFsharp\src\PdfSharp.Charting\PdfSharp.Charting.csproj", "{8854C41C-8F3D-406E-A565-3B623599BFF2}"
EndProject
Project("{2150E333-8FDC-42A3-9474-1A3956D46DE8}") = "Solution Items", "Solution Items", "{31FE507C-F342-4DA4-9BE5-B3D2ED93E9CC}"
	ProjectSection(SolutionItems) = preProject
		.editorconfig = .editorconfig
		gitversion-6.x.yml = gitversion-6.x.yml
		gitversion.yml = gitversion.yml
		LICENSE = LICENSE
		README.md = README.md
		testenvironments.json = testenvironments.json
	EndProjectSection
EndProject
Project("{2150E333-8FDC-42A3-9474-1A3956D46DE8}") = "shared", "shared", "{A484FFA0-1C54-4C5C-B46D-6AB5C05AC5AB}"
EndProject
Project("{2150E333-8FDC-42A3-9474-1A3956D46DE8}") = "src", "src", "{DE458BB2-5942-4588-A74A-AE9CA86F284C}"
EndProject
Project("{9A19103F-16F7-4668-BE54-9A1E7A4F7556}") = "PdfSharp.Quality", "src\foundation\src\shared\src\PdfSharp.Quality\PdfSharp.Quality.csproj", "{B0BEB589-A3A7-4412-B045-09621FB1DE25}"
EndProject
Project("{9A19103F-16F7-4668-BE54-9A1E7A4F7556}") = "PdfSharp.Snippets", "src\foundation\src\shared\src\PdfSharp.Snippets\PdfSharp.Snippets.csproj", "{E4D95A70-171A-4027-BFCE-AB2B1907C6C1}"
EndProject
Project("{9A19103F-16F7-4668-BE54-9A1E7A4F7556}") = "PdfSharp.WPFonts", "src\foundation\src\shared\src\PdfSharp.WPFonts\PdfSharp.WPFonts.csproj", "{034B233F-0745-476A-A3DB-8DDF8FA0EF9C}"
EndProject
Project("{2150E333-8FDC-42A3-9474-1A3956D46DE8}") = "features", "features", "{F6F7E411-5CD0-4507-BF59-70004EDD09DA}"
EndProject
Project("{9A19103F-16F7-4668-BE54-9A1E7A4F7556}") = "PdfSharp.Features", "src\foundation\src\PDFsharp\features\PdfSharp.Features\PdfSharp.Features.csproj", "{E42F855D-9A4F-45BE-9950-F20A94169568}"
EndProject
Project("{9A19103F-16F7-4668-BE54-9A1E7A4F7556}") = "PdfSharp.System", "src\foundation\src\shared\src\PdfSharp.System\PdfSharp.System.csproj", "{EF9642AB-5FE2-47D6-8AD4-5C4C2AA43E63}"
EndProject
Project("{9A19103F-16F7-4668-BE54-9A1E7A4F7556}") = "PDFsharp.NuGet", "src\foundation\nuget\src\PDFsharp.NuGet\PDFsharp.NuGet.csproj", "{A98A1979-883D-463F-9461-FAFFCA97B48A}"
EndProject
Project("{9A19103F-16F7-4668-BE54-9A1E7A4F7556}") = "PdfSharp.Features.Runner", "src\foundation\src\PDFsharp\features\PdfSharp.Features.Runner\PdfSharp.Features.Runner.csproj", "{BA04FBE0-6B97-4D21-9561-91F12906A5F9}"
EndProject
Project("{2150E333-8FDC-42A3-9474-1A3956D46DE8}") = "docs", "docs", "{E00A1E03-7FB3-4A26-BB33-9BE7AA42CFB7}"
	ProjectSection(SolutionItems) = preProject
		src\foundation\src\shared\docs\Notebook.md = src\foundation\src\shared\docs\Notebook.md
	EndProjectSection
EndProject
Project("{9A19103F-16F7-4668-BE54-9A1E7A4F7556}") = "PdfSharp.Fonts", "src\foundation\src\shared\src\PdfSharp.Fonts\PdfSharp.Fonts.csproj", "{9EC27C83-FCD6-44B8-9BC6-9F270DD58C8E}"
EndProject
Project("{9A19103F-16F7-4668-BE54-9A1E7A4F7556}") = "PdfSharp.Testing", "src\foundation\src\shared\src\PdfSharp.Testing\PdfSharp.Testing.csproj", "{D17FA884-98B9-41E2-AB27-2603F79000F5}"
EndProject
Project("{2150E333-8FDC-42A3-9474-1A3956D46DE8}") = "dev", "dev", "{BA039CC9-132E-4103-BB47-87C3E3398F82}"
	ProjectSection(SolutionItems) = preProject
		dev\build-local-nuget-packages-release.ps1 = dev\build-local-nuget-packages-release.ps1
		dev\del-bin-and-obj.ps1 = dev\del-bin-and-obj.ps1
		dev\del-nupkg.ps1 = dev\del-nupkg.ps1
		dev\download-assets.ps1 = dev\download-assets.ps1
		dev\download-fonts.ps1 = dev\download-fonts.ps1
		dev\README.md = dev\README.md
		dev\run-tests.ps1 = dev\run-tests.ps1
		dev\update-local-nuget-packages-debug.ps1 = dev\update-local-nuget-packages-debug.ps1
		dev\update-local-nuget-packages-release.ps1 = dev\update-local-nuget-packages-release.ps1
		dev\_update-local-nuget-packages.ps1 = dev\_update-local-nuget-packages.ps1
	EndProjectSection
EndProject
Project("{2150E333-8FDC-42A3-9474-1A3956D46DE8}") = "psf", "psf", "{D2B0EC1F-CF81-4756-B20C-9BB786A151E0}"
EndProject
Project("{9A19103F-16F7-4668-BE54-9A1E7A4F7556}") = "PdfSharp.Shared", "src\foundation\src\shared\src\PdfSharp.Shared\PdfSharp.Shared.csproj", "{8C20115B-AA17-41A7-837D-F5CFD286DFC9}"
EndProject
Project("{9A19103F-16F7-4668-BE54-9A1E7A4F7556}") = "PdfSharp.BarCodes", "src\foundation\src\PDFsharp\src\PdfSharp.BarCodes\PdfSharp.BarCodes.csproj", "{F4AB506C-AD13-4383-9AF9-48D74085ECC1}"
EndProject
Project("{9A19103F-16F7-4668-BE54-9A1E7A4F7556}") = "PdfSharp.Cryptography", "src\foundation\src\PDFsharp\src\PdfSharp.Cryptography\PdfSharp.Cryptography.csproj", "{769ED050-15AF-4EB5-A89F-D7123EE5AA95}"
EndProject
Global
	GlobalSection(SolutionConfigurationPlatforms) = preSolution
		Debug|Any CPU = Debug|Any CPU
		Release|Any CPU = Release|Any CPU
	EndGlobalSection
	GlobalSection(ProjectConfigurationPlatforms) = postSolution
		{9920A6C0-509E-4319-A35F-E0DB6866DAFF}.Debug|Any CPU.ActiveCfg = Debug|Any CPU
		{9920A6C0-509E-4319-A35F-E0DB6866DAFF}.Debug|Any CPU.Build.0 = Debug|Any CPU
		{9920A6C0-509E-4319-A35F-E0DB6866DAFF}.Release|Any CPU.ActiveCfg = Release|Any CPU
		{9920A6C0-509E-4319-A35F-E0DB6866DAFF}.Release|Any CPU.Build.0 = Release|Any CPU
		{8854C41C-8F3D-406E-A565-3B623599BFF2}.Debug|Any CPU.ActiveCfg = Debug|Any CPU
		{8854C41C-8F3D-406E-A565-3B623599BFF2}.Debug|Any CPU.Build.0 = Debug|Any CPU
		{8854C41C-8F3D-406E-A565-3B623599BFF2}.Release|Any CPU.ActiveCfg = Release|Any CPU
		{8854C41C-8F3D-406E-A565-3B623599BFF2}.Release|Any CPU.Build.0 = Release|Any CPU
		{B0BEB589-A3A7-4412-B045-09621FB1DE25}.Debug|Any CPU.ActiveCfg = Debug|Any CPU
		{B0BEB589-A3A7-4412-B045-09621FB1DE25}.Debug|Any CPU.Build.0 = Debug|Any CPU
		{B0BEB589-A3A7-4412-B045-09621FB1DE25}.Release|Any CPU.ActiveCfg = Release|Any CPU
		{B0BEB589-A3A7-4412-B045-09621FB1DE25}.Release|Any CPU.Build.0 = Release|Any CPU
		{E4D95A70-171A-4027-BFCE-AB2B1907C6C1}.Debug|Any CPU.ActiveCfg = Debug|Any CPU
		{E4D95A70-171A-4027-BFCE-AB2B1907C6C1}.Debug|Any CPU.Build.0 = Debug|Any CPU
		{E4D95A70-171A-4027-BFCE-AB2B1907C6C1}.Release|Any CPU.ActiveCfg = Release|Any CPU
		{E4D95A70-171A-4027-BFCE-AB2B1907C6C1}.Release|Any CPU.Build.0 = Release|Any CPU
		{034B233F-0745-476A-A3DB-8DDF8FA0EF9C}.Debug|Any CPU.ActiveCfg = Debug|Any CPU
		{034B233F-0745-476A-A3DB-8DDF8FA0EF9C}.Debug|Any CPU.Build.0 = Debug|Any CPU
		{034B233F-0745-476A-A3DB-8DDF8FA0EF9C}.Release|Any CPU.ActiveCfg = Release|Any CPU
		{034B233F-0745-476A-A3DB-8DDF8FA0EF9C}.Release|Any CPU.Build.0 = Release|Any CPU
		{E42F855D-9A4F-45BE-9950-F20A94169568}.Debug|Any CPU.ActiveCfg = Debug|Any CPU
		{E42F855D-9A4F-45BE-9950-F20A94169568}.Debug|Any CPU.Build.0 = Debug|Any CPU
		{E42F855D-9A4F-45BE-9950-F20A94169568}.Release|Any CPU.ActiveCfg = Release|Any CPU
		{E42F855D-9A4F-45BE-9950-F20A94169568}.Release|Any CPU.Build.0 = Release|Any CPU
		{EF9642AB-5FE2-47D6-8AD4-5C4C2AA43E63}.Debug|Any CPU.ActiveCfg = Debug|Any CPU
		{EF9642AB-5FE2-47D6-8AD4-5C4C2AA43E63}.Debug|Any CPU.Build.0 = Debug|Any CPU
		{EF9642AB-5FE2-47D6-8AD4-5C4C2AA43E63}.Release|Any CPU.ActiveCfg = Release|Any CPU
		{EF9642AB-5FE2-47D6-8AD4-5C4C2AA43E63}.Release|Any CPU.Build.0 = Release|Any CPU
		{A98A1979-883D-463F-9461-FAFFCA97B48A}.Debug|Any CPU.ActiveCfg = Debug|Any CPU
		{A98A1979-883D-463F-9461-FAFFCA97B48A}.Debug|Any CPU.Build.0 = Debug|Any CPU
		{A98A1979-883D-463F-9461-FAFFCA97B48A}.Release|Any CPU.ActiveCfg = Release|Any CPU
		{A98A1979-883D-463F-9461-FAFFCA97B48A}.Release|Any CPU.Build.0 = Release|Any CPU
		{BA04FBE0-6B97-4D21-9561-91F12906A5F9}.Debug|Any CPU.ActiveCfg = Debug|Any CPU
		{BA04FBE0-6B97-4D21-9561-91F12906A5F9}.Debug|Any CPU.Build.0 = Debug|Any CPU
		{BA04FBE0-6B97-4D21-9561-91F12906A5F9}.Release|Any CPU.ActiveCfg = Release|Any CPU
		{BA04FBE0-6B97-4D21-9561-91F12906A5F9}.Release|Any CPU.Build.0 = Release|Any CPU
		{9EC27C83-FCD6-44B8-9BC6-9F270DD58C8E}.Debug|Any CPU.ActiveCfg = Debug|Any CPU
		{9EC27C83-FCD6-44B8-9BC6-9F270DD58C8E}.Debug|Any CPU.Build.0 = Debug|Any CPU
		{9EC27C83-FCD6-44B8-9BC6-9F270DD58C8E}.Release|Any CPU.ActiveCfg = Release|Any CPU
		{9EC27C83-FCD6-44B8-9BC6-9F270DD58C8E}.Release|Any CPU.Build.0 = Release|Any CPU
		{D17FA884-98B9-41E2-AB27-2603F79000F5}.Debug|Any CPU.ActiveCfg = Debug|Any CPU
		{D17FA884-98B9-41E2-AB27-2603F79000F5}.Debug|Any CPU.Build.0 = Debug|Any CPU
		{D17FA884-98B9-41E2-AB27-2603F79000F5}.Release|Any CPU.ActiveCfg = Release|Any CPU
		{D17FA884-98B9-41E2-AB27-2603F79000F5}.Release|Any CPU.Build.0 = Release|Any CPU
		{8C20115B-AA17-41A7-837D-F5CFD286DFC9}.Debug|Any CPU.ActiveCfg = Debug|Any CPU
		{8C20115B-AA17-41A7-837D-F5CFD286DFC9}.Debug|Any CPU.Build.0 = Debug|Any CPU
		{8C20115B-AA17-41A7-837D-F5CFD286DFC9}.Release|Any CPU.ActiveCfg = Release|Any CPU
		{8C20115B-AA17-41A7-837D-F5CFD286DFC9}.Release|Any CPU.Build.0 = Release|Any CPU
		{F4AB506C-AD13-4383-9AF9-48D74085ECC1}.Debug|Any CPU.ActiveCfg = Debug|Any CPU
		{F4AB506C-AD13-4383-9AF9-48D74085ECC1}.Debug|Any CPU.Build.0 = Debug|Any CPU
		{F4AB506C-AD13-4383-9AF9-48D74085ECC1}.Release|Any CPU.ActiveCfg = Release|Any CPU
		{F4AB506C-AD13-4383-9AF9-48D74085ECC1}.Release|Any CPU.Build.0 = Release|Any CPU
		{769ED050-15AF-4EB5-A89F-D7123EE5AA95}.Debug|Any CPU.ActiveCfg = Debug|Any CPU
		{769ED050-15AF-4EB5-A89F-D7123EE5AA95}.Debug|Any CPU.Build.0 = Debug|Any CPU
		{769ED050-15AF-4EB5-A89F-D7123EE5AA95}.Release|Any CPU.ActiveCfg = Release|Any CPU
		{769ED050-15AF-4EB5-A89F-D7123EE5AA95}.Release|Any CPU.Build.0 = Release|Any CPU
	EndGlobalSection
	GlobalSection(SolutionProperties) = preSolution
		HideSolutionNode = FALSE
	EndGlobalSection
	GlobalSection(NestedProjects) = preSolution
		{5912CE0D-0DCE-479F-944A-0DFA4CE95A88} = {8770F3E1-3FEE-4611-89D4-AF80DFB3B3EA}
		{7C753636-7947-46E0-95E0-135EAA7BFEB3} = {5912CE0D-0DCE-479F-944A-0DFA4CE95A88}
		{0EDABDD2-05D5-43D0-A635-645DD8127201} = {18632E7D-54DF-4933-A8DF-A7ECE8666E9B}
		{8770F3E1-3FEE-4611-89D4-AF80DFB3B3EA} = {0EDABDD2-05D5-43D0-A635-645DD8127201}
		{18E75E2F-2A27-408C-BC02-9B68D7F0817F} = {5912CE0D-0DCE-479F-944A-0DFA4CE95A88}
		{0305DE9C-065C-4A4D-B175-08E70F23A2E7} = {0EDABDD2-05D5-43D0-A635-645DD8127201}
		{B9781673-7407-4451-B551-B3D0BA1AA746} = {0305DE9C-065C-4A4D-B175-08E70F23A2E7}
		{9920A6C0-509E-4319-A35F-E0DB6866DAFF} = {7C753636-7947-46E0-95E0-135EAA7BFEB3}
		{8854C41C-8F3D-406E-A565-3B623599BFF2} = {7C753636-7947-46E0-95E0-135EAA7BFEB3}
		{A484FFA0-1C54-4C5C-B46D-6AB5C05AC5AB} = {8770F3E1-3FEE-4611-89D4-AF80DFB3B3EA}
		{DE458BB2-5942-4588-A74A-AE9CA86F284C} = {A484FFA0-1C54-4C5C-B46D-6AB5C05AC5AB}
		{B0BEB589-A3A7-4412-B045-09621FB1DE25} = {DE458BB2-5942-4588-A74A-AE9CA86F284C}
		{E4D95A70-171A-4027-BFCE-AB2B1907C6C1} = {DE458BB2-5942-4588-A74A-AE9CA86F284C}
		{034B233F-0745-476A-A3DB-8DDF8FA0EF9C} = {DE458BB2-5942-4588-A74A-AE9CA86F284C}
		{F6F7E411-5CD0-4507-BF59-70004EDD09DA} = {5912CE0D-0DCE-479F-944A-0DFA4CE95A88}
		{E42F855D-9A4F-45BE-9950-F20A94169568} = {F6F7E411-5CD0-4507-BF59-70004EDD09DA}
		{EF9642AB-5FE2-47D6-8AD4-5C4C2AA43E63} = {DE458BB2-5942-4588-A74A-AE9CA86F284C}
		{A98A1979-883D-463F-9461-FAFFCA97B48A} = {B9781673-7407-4451-B551-B3D0BA1AA746}
		{BA04FBE0-6B97-4D21-9561-91F12906A5F9} = {F6F7E411-5CD0-4507-BF59-70004EDD09DA}
		{E00A1E03-7FB3-4A26-BB33-9BE7AA42CFB7} = {A484FFA0-1C54-4C5C-B46D-6AB5C05AC5AB}
		{9EC27C83-FCD6-44B8-9BC6-9F270DD58C8E} = {DE458BB2-5942-4588-A74A-AE9CA86F284C}
		{D17FA884-98B9-41E2-AB27-2603F79000F5} = {DE458BB2-5942-4588-A74A-AE9CA86F284C}
		{BA039CC9-132E-4103-BB47-87C3E3398F82} = {31FE507C-F342-4DA4-9BE5-B3D2ED93E9CC}
		{D2B0EC1F-CF81-4756-B20C-9BB786A151E0} = {18E75E2F-2A27-408C-BC02-9B68D7F0817F}
		{8C20115B-AA17-41A7-837D-F5CFD286DFC9} = {DE458BB2-5942-4588-A74A-AE9CA86F284C}
		{F4AB506C-AD13-4383-9AF9-48D74085ECC1} = {7C753636-7947-46E0-95E0-135EAA7BFEB3}
		{769ED050-15AF-4EB5-A89F-D7123EE5AA95} = {7C753636-7947-46E0-95E0-135EAA7BFEB3}
	EndGlobalSection
	GlobalSection(ExtensibilityGlobals) = postSolution
		SolutionGuid = {D5FF5562-3C79-434B-B951-B84542D01625}
	EndGlobalSection
EndGlobal
